
Microsoft Visual Studio Solution File, Format Version 12.00
# Visual Studio Version 16
VisualStudioVersion = 16.0.29728.190
MinimumVisualStudioVersion = 10.0.40219.1
Project("{FAE04EC0-301F-11D3-BF4B-00C04F79EFBC}") = "Expenses.Common", "Expenses.Common\Expenses.Common.csproj", "{2D7B62B2-8BAC-47A3-AB51-CEB387B95A9A}"
EndProject
Project("{FAE04EC0-301F-11D3-BF4B-00C04F79EFBC}") = "Expenses.Web", "Expenses.Web\Expenses.Web.csproj", "{BF740CD9-9E4A-49F6-90DD-F7C69B7192A6}"
EndProject
Project("{FAE04EC0-301F-11D3-BF4B-00C04F79EFBC}") = "Expenses.Prism", "Expenses.Prism\Expenses.Prism\Expenses.Prism.csproj", "{434050D2-3344-438C-AAA1-9FEDB2D5FA7C}"
EndProject
Project("{FAE04EC0-301F-11D3-BF4B-00C04F79EFBC}") = "Expenses.Prism.Android", "Expenses.Prism\Expenses.Prism.Android\Expenses.Prism.Android.csproj", "{34166F7B-E430-4EE1-A971-9675C2EF7075}"
EndProject
Project("{FAE04EC0-301F-11D3-BF4B-00C04F79EFBC}") = "Expenses.Prism.iOS", "Expenses.Prism\Expenses.Prism.iOS\Expenses.Prism.iOS.csproj", "{0EA89FA0-555F-4E0D-A3AF-B2C167992867}"
EndProject
Global
	GlobalSection(SolutionConfigurationPlatforms) = preSolution
		Ad-Hoc|Any CPU = Ad-Hoc|Any CPU
		Ad-Hoc|iPhone = Ad-Hoc|iPhone
		Ad-Hoc|iPhoneSimulator = Ad-Hoc|iPhoneSimulator
		AppStore|Any CPU = AppStore|Any CPU
		AppStore|iPhone = AppStore|iPhone
		AppStore|iPhoneSimulator = AppStore|iPhoneSimulator
		Debug|Any CPU = Debug|Any CPU
		Debug|iPhone = Debug|iPhone
		Debug|iPhoneSimulator = Debug|iPhoneSimulator
		Release|Any CPU = Release|Any CPU
		Release|iPhone = Release|iPhone
		Release|iPhoneSimulator = Release|iPhoneSimulator
	EndGlobalSection
	GlobalSection(ProjectConfigurationPlatforms) = postSolution
		{2D7B62B2-8BAC-47A3-AB51-CEB387B95A9A}.Ad-Hoc|Any CPU.ActiveCfg = Debug|Any CPU
		{2D7B62B2-8BAC-47A3-AB51-CEB387B95A9A}.Ad-Hoc|Any CPU.Build.0 = Debug|Any CPU
		{2D7B62B2-8BAC-47A3-AB51-CEB387B95A9A}.Ad-Hoc|iPhone.ActiveCfg = Debug|Any CPU
		{2D7B62B2-8BAC-47A3-AB51-CEB387B95A9A}.Ad-Hoc|iPhone.Build.0 = Debug|Any CPU
		{2D7B62B2-8BAC-47A3-AB51-CEB387B95A9A}.Ad-Hoc|iPhoneSimulator.ActiveCfg = Debug|Any CPU
		{2D7B62B2-8BAC-47A3-AB51-CEB387B95A9A}.Ad-Hoc|iPhoneSimulator.Build.0 = Debug|Any CPU
		{2D7B62B2-8BAC-47A3-AB51-CEB387B95A9A}.AppStore|Any CPU.ActiveCfg = Debug|Any CPU
		{2D7B62B2-8BAC-47A3-AB51-CEB387B95A9A}.AppStore|Any CPU.Build.0 = Debug|Any CPU
		{2D7B62B2-8BAC-47A3-AB51-CEB387B95A9A}.AppStore|iPhone.ActiveCfg = Debug|Any CPU
		{2D7B62B2-8BAC-47A3-AB51-CEB387B95A9A}.AppStore|iPhone.Build.0 = Debug|Any CPU
		{2D7B62B2-8BAC-47A3-AB51-CEB387B95A9A}.AppStore|iPhoneSimulator.ActiveCfg = Debug|Any CPU
		{2D7B62B2-8BAC-47A3-AB51-CEB387B95A9A}.AppStore|iPhoneSimulator.Build.0 = Debug|Any CPU
		{2D7B62B2-8BAC-47A3-AB51-CEB387B95A9A}.Debug|Any CPU.ActiveCfg = Debug|Any CPU
		{2D7B62B2-8BAC-47A3-AB51-CEB387B95A9A}.Debug|Any CPU.Build.0 = Debug|Any CPU
		{2D7B62B2-8BAC-47A3-AB51-CEB387B95A9A}.Debug|iPhone.ActiveCfg = Debug|Any CPU
		{2D7B62B2-8BAC-47A3-AB51-CEB387B95A9A}.Debug|iPhone.Build.0 = Debug|Any CPU
		{2D7B62B2-8BAC-47A3-AB51-CEB387B95A9A}.Debug|iPhoneSimulator.ActiveCfg = Debug|Any CPU
		{2D7B62B2-8BAC-47A3-AB51-CEB387B95A9A}.Debug|iPhoneSimulator.Build.0 = Debug|Any CPU
		{2D7B62B2-8BAC-47A3-AB51-CEB387B95A9A}.Release|Any CPU.ActiveCfg = Release|Any CPU
		{2D7B62B2-8BAC-47A3-AB51-CEB387B95A9A}.Release|Any CPU.Build.0 = Release|Any CPU
		{2D7B62B2-8BAC-47A3-AB51-CEB387B95A9A}.Release|iPhone.ActiveCfg = Release|Any CPU
		{2D7B62B2-8BAC-47A3-AB51-CEB387B95A9A}.Release|iPhone.Build.0 = Release|Any CPU
		{2D7B62B2-8BAC-47A3-AB51-CEB387B95A9A}.Release|iPhoneSimulator.ActiveCfg = Release|Any CPU
		{2D7B62B2-8BAC-47A3-AB51-CEB387B95A9A}.Release|iPhoneSimulator.Build.0 = Release|Any CPU
		{BF740CD9-9E4A-49F6-90DD-F7C69B7192A6}.Ad-Hoc|Any CPU.ActiveCfg = Debug|Any CPU
		{BF740CD9-9E4A-49F6-90DD-F7C69B7192A6}.Ad-Hoc|Any CPU.Build.0 = Debug|Any CPU
		{BF740CD9-9E4A-49F6-90DD-F7C69B7192A6}.Ad-Hoc|iPhone.ActiveCfg = Debug|Any CPU
		{BF740CD9-9E4A-49F6-90DD-F7C69B7192A6}.Ad-Hoc|iPhone.Build.0 = Debug|Any CPU
		{BF740CD9-9E4A-49F6-90DD-F7C69B7192A6}.Ad-Hoc|iPhoneSimulator.ActiveCfg = Debug|Any CPU
		{BF740CD9-9E4A-49F6-90DD-F7C69B7192A6}.Ad-Hoc|iPhoneSimulator.Build.0 = Debug|Any CPU
		{BF740CD9-9E4A-49F6-90DD-F7C69B7192A6}.AppStore|Any CPU.ActiveCfg = Debug|Any CPU
		{BF740CD9-9E4A-49F6-90DD-F7C69B7192A6}.AppStore|Any CPU.Build.0 = Debug|Any CPU
		{BF740CD9-9E4A-49F6-90DD-F7C69B7192A6}.AppStore|iPhone.ActiveCfg = Debug|Any CPU
		{BF740CD9-9E4A-49F6-90DD-F7C69B7192A6}.AppStore|iPhone.Build.0 = Debug|Any CPU
		{BF740CD9-9E4A-49F6-90DD-F7C69B7192A6}.AppStore|iPhoneSimulator.ActiveCfg = Debug|Any CPU
		{BF740CD9-9E4A-49F6-90DD-F7C69B7192A6}.AppStore|iPhoneSimulator.Build.0 = Debug|Any CPU
		{BF740CD9-9E4A-49F6-90DD-F7C69B7192A6}.Debug|Any CPU.ActiveCfg = Debug|Any CPU
		{BF740CD9-9E4A-49F6-90DD-F7C69B7192A6}.Debug|Any CPU.Build.0 = Debug|Any CPU
		{BF740CD9-9E4A-49F6-90DD-F7C69B7192A6}.Debug|iPhone.ActiveCfg = Debug|Any CPU
		{BF740CD9-9E4A-49F6-90DD-F7C69B7192A6}.Debug|iPhone.Build.0 = Debug|Any CPU
		{BF740CD9-9E4A-49F6-90DD-F7C69B7192A6}.Debug|iPhoneSimulator.ActiveCfg = Debug|Any CPU
		{BF740CD9-9E4A-49F6-90DD-F7C69B7192A6}.Debug|iPhoneSimulator.Build.0 = Debug|Any CPU
		{BF740CD9-9E4A-49F6-90DD-F7C69B7192A6}.Release|Any CPU.ActiveCfg = Release|Any CPU
		{BF740CD9-9E4A-49F6-90DD-F7C69B7192A6}.Release|Any CPU.Build.0 = Release|Any CPU
		{BF740CD9-9E4A-49F6-90DD-F7C69B7192A6}.Release|iPhone.ActiveCfg = Release|Any CPU
		{BF740CD9-9E4A-49F6-90DD-F7C69B7192A6}.Release|iPhone.Build.0 = Release|Any CPU
		{BF740CD9-9E4A-49F6-90DD-F7C69B7192A6}.Release|iPhoneSimulator.ActiveCfg = Release|Any CPU
		{BF740CD9-9E4A-49F6-90DD-F7C69B7192A6}.Release|iPhoneSimulator.Build.0 = Release|Any CPU
		{434050D2-3344-438C-AAA1-9FEDB2D5FA7C}.Ad-Hoc|Any CPU.ActiveCfg = Debug|Any CPU
		{434050D2-3344-438C-AAA1-9FEDB2D5FA7C}.Ad-Hoc|Any CPU.Build.0 = Debug|Any CPU
		{434050D2-3344-438C-AAA1-9FEDB2D5FA7C}.Ad-Hoc|iPhone.ActiveCfg = Debug|Any CPU
		{434050D2-3344-438C-AAA1-9FEDB2D5FA7C}.Ad-Hoc|iPhone.Build.0 = Debug|Any CPU
		{434050D2-3344-438C-AAA1-9FEDB2D5FA7C}.Ad-Hoc|iPhoneSimulator.ActiveCfg = Debug|Any CPU
		{434050D2-3344-438C-AAA1-9FEDB2D5FA7C}.Ad-Hoc|iPhoneSimulator.Build.0 = Debug|Any CPU
		{434050D2-3344-438C-AAA1-9FEDB2D5FA7C}.AppStore|Any CPU.ActiveCfg = Debug|Any CPU
		{434050D2-3344-438C-AAA1-9FEDB2D5FA7C}.AppStore|Any CPU.Build.0 = Debug|Any CPU
		{434050D2-3344-438C-AAA1-9FEDB2D5FA7C}.AppStore|iPhone.ActiveCfg = Debug|Any CPU
		{434050D2-3344-438C-AAA1-9FEDB2D5FA7C}.AppStore|iPhone.Build.0 = Debug|Any CPU
		{434050D2-3344-438C-AAA1-9FEDB2D5FA7C}.AppStore|iPhoneSimulator.ActiveCfg = Debug|Any CPU
		{434050D2-3344-438C-AAA1-9FEDB2D5FA7C}.AppStore|iPhoneSimulator.Build.0 = Debug|Any CPU
		{434050D2-3344-438C-AAA1-9FEDB2D5FA7C}.Debug|Any CPU.ActiveCfg = Debug|Any CPU
		{434050D2-3344-438C-AAA1-9FEDB2D5FA7C}.Debug|Any CPU.Build.0 = Debug|Any CPU
		{434050D2-3344-438C-AAA1-9FEDB2D5FA7C}.Debug|iPhone.ActiveCfg = Debug|Any CPU
		{434050D2-3344-438C-AAA1-9FEDB2D5FA7C}.Debug|iPhone.Build.0 = Debug|Any CPU
		{434050D2-3344-438C-AAA1-9FEDB2D5FA7C}.Debug|iPhoneSimulator.ActiveCfg = Debug|Any CPU
		{434050D2-3344-438C-AAA1-9FEDB2D5FA7C}.Debug|iPhoneSimulator.Build.0 = Debug|Any CPU
		{434050D2-3344-438C-AAA1-9FEDB2D5FA7C}.Release|Any CPU.ActiveCfg = Release|Any CPU
		{434050D2-3344-438C-AAA1-9FEDB2D5FA7C}.Release|Any CPU.Build.0 = Release|Any CPU
		{434050D2-3344-438C-AAA1-9FEDB2D5FA7C}.Release|iPhone.ActiveCfg = Release|Any CPU
		{434050D2-3344-438C-AAA1-9FEDB2D5FA7C}.Release|iPhone.Build.0 = Release|Any CPU
		{434050D2-3344-438C-AAA1-9FEDB2D5FA7C}.Release|iPhoneSimulator.ActiveCfg = Release|Any CPU
		{434050D2-3344-438C-AAA1-9FEDB2D5FA7C}.Release|iPhoneSimulator.Build.0 = Release|Any CPU
		{34166F7B-E430-4EE1-A971-9675C2EF7075}.Ad-Hoc|Any CPU.ActiveCfg = Release|Any CPU
		{34166F7B-E430-4EE1-A971-9675C2EF7075}.Ad-Hoc|Any CPU.Build.0 = Release|Any CPU
		{34166F7B-E430-4EE1-A971-9675C2EF7075}.Ad-Hoc|Any CPU.Deploy.0 = Release|Any CPU
		{34166F7B-E430-4EE1-A971-9675C2EF7075}.Ad-Hoc|iPhone.ActiveCfg = Release|Any CPU
		{34166F7B-E430-4EE1-A971-9675C2EF7075}.Ad-Hoc|iPhone.Build.0 = Release|Any CPU
		{34166F7B-E430-4EE1-A971-9675C2EF7075}.Ad-Hoc|iPhone.Deploy.0 = Release|Any CPU
		{34166F7B-E430-4EE1-A971-9675C2EF7075}.Ad-Hoc|iPhoneSimulator.ActiveCfg = Release|Any CPU
		{34166F7B-E430-4EE1-A971-9675C2EF7075}.Ad-Hoc|iPhoneSimulator.Build.0 = Release|Any CPU
		{34166F7B-E430-4EE1-A971-9675C2EF7075}.Ad-Hoc|iPhoneSimulator.Deploy.0 = Release|Any CPU
		{34166F7B-E430-4EE1-A971-9675C2EF7075}.AppStore|Any CPU.ActiveCfg = Release|Any CPU
		{34166F7B-E430-4EE1-A971-9675C2EF7075}.AppStore|Any CPU.Build.0 = Release|Any CPU
		{34166F7B-E430-4EE1-A971-9675C2EF7075}.AppStore|Any CPU.Deploy.0 = Release|Any CPU
		{34166F7B-E430-4EE1-A971-9675C2EF7075}.AppStore|iPhone.ActiveCfg = Release|Any CPU
		{34166F7B-E430-4EE1-A971-9675C2EF7075}.AppStore|iPhone.Build.0 = Release|Any CPU
		{34166F7B-E430-4EE1-A971-9675C2EF7075}.AppStore|iPhone.Deploy.0 = Release|Any CPU
		{34166F7B-E430-4EE1-A971-9675C2EF7075}.AppStore|iPhoneSimulator.ActiveCfg = Release|Any CPU
		{34166F7B-E430-4EE1-A971-9675C2EF7075}.AppStore|iPhoneSimulator.Build.0 = Release|Any CPU
		{34166F7B-E430-4EE1-A971-9675C2EF7075}.AppStore|iPhoneSimulator.Deploy.0 = Release|Any CPU
		{34166F7B-E430-4EE1-A971-9675C2EF7075}.Debug|Any CPU.ActiveCfg = Debug|Any CPU
		{34166F7B-E430-4EE1-A971-9675C2EF7075}.Debug|Any CPU.Build.0 = Debug|Any CPU
		{34166F7B-E430-4EE1-A971-9675C2EF7075}.Debug|Any CPU.Deploy.0 = Debug|Any CPU
		{34166F7B-E430-4EE1-A971-9675C2EF7075}.Debug|iPhone.ActiveCfg = Debug|Any CPU
		{34166F7B-E430-4EE1-A971-9675C2EF7075}.Debug|iPhone.Build.0 = Debug|Any CPU
		{34166F7B-E430-4EE1-A971-9675C2EF7075}.Debug|iPhone.Deploy.0 = Debug|Any CPU
		{34166F7B-E430-4EE1-A971-9675C2EF7075}.Debug|iPhoneSimulator.ActiveCfg = Debug|Any CPU
		{34166F7B-E430-4EE1-A971-9675C2EF7075}.Debug|iPhoneSimulator.Build.0 = Debug|Any CPU
		{34166F7B-E430-4EE1-A971-9675C2EF7075}.Debug|iPhoneSimulator.Deploy.0 = Debug|Any CPU
		{34166F7B-E430-4EE1-A971-9675C2EF7075}.Release|Any CPU.ActiveCfg = Release|Any CPU
		{34166F7B-E430-4EE1-A971-9675C2EF7075}.Release|Any CPU.Build.0 = Release|Any CPU
		{34166F7B-E430-4EE1-A971-9675C2EF7075}.Release|Any CPU.Deploy.0 = Release|Any CPU
		{34166F7B-E430-4EE1-A971-9675C2EF7075}.Release|iPhone.ActiveCfg = Release|Any CPU
		{34166F7B-E430-4EE1-A971-9675C2EF7075}.Release|iPhone.Build.0 = Release|Any CPU
		{34166F7B-E430-4EE1-A971-9675C2EF7075}.Release|iPhone.Deploy.0 = Release|Any CPU
		{34166F7B-E430-4EE1-A971-9675C2EF7075}.Release|iPhoneSimulator.ActiveCfg = Release|Any CPU
		{34166F7B-E430-4EE1-A971-9675C2EF7075}.Release|iPhoneSimulator.Build.0 = Release|Any CPU
		{34166F7B-E430-4EE1-A971-9675C2EF7075}.Release|iPhoneSimulator.Deploy.0 = Release|Any CPU
		{0EA89FA0-555F-4E0D-A3AF-B2C167992867}.Ad-Hoc|Any CPU.ActiveCfg = Ad-Hoc|iPhone
		{0EA89FA0-555F-4E0D-A3AF-B2C167992867}.Ad-Hoc|iPhone.ActiveCfg = Ad-Hoc|iPhone
		{0EA89FA0-555F-4E0D-A3AF-B2C167992867}.Ad-Hoc|iPhone.Build.0 = Ad-Hoc|iPhone
		{0EA89FA0-555F-4E0D-A3AF-B2C167992867}.Ad-Hoc|iPhoneSimulator.ActiveCfg = Ad-Hoc|iPhoneSimulator
		{0EA89FA0-555F-4E0D-A3AF-B2C167992867}.Ad-Hoc|iPhoneSimulator.Build.0 = Ad-Hoc|iPhoneSimulator
		{0EA89FA0-555F-4E0D-A3AF-B2C167992867}.AppStore|Any CPU.ActiveCfg = AppStore|iPhone
		{0EA89FA0-555F-4E0D-A3AF-B2C167992867}.AppStore|iPhone.ActiveCfg = AppStore|iPhone
		{0EA89FA0-555F-4E0D-A3AF-B2C167992867}.AppStore|iPhone.Build.0 = AppStore|iPhone
		{0EA89FA0-555F-4E0D-A3AF-B2C167992867}.AppStore|iPhoneSimulator.ActiveCfg = AppStore|iPhoneSimulator
		{0EA89FA0-555F-4E0D-A3AF-B2C167992867}.AppStore|iPhoneSimulator.Build.0 = AppStore|iPhoneSimulator
		{0EA89FA0-555F-4E0D-A3AF-B2C167992867}.Debug|Any CPU.ActiveCfg = Debug|iPhone
		{0EA89FA0-555F-4E0D-A3AF-B2C167992867}.Debug|iPhone.ActiveCfg = Debug|iPhone
		{0EA89FA0-555F-4E0D-A3AF-B2C167992867}.Debug|iPhone.Build.0 = Debug|iPhone
		{0EA89FA0-555F-4E0D-A3AF-B2C167992867}.Debug|iPhoneSimulator.ActiveCfg = Debug|iPhoneSimulator
		{0EA89FA0-555F-4E0D-A3AF-B2C167992867}.Debug|iPhoneSimulator.Build.0 = Debug|iPhoneSimulator
		{0EA89FA0-555F-4E0D-A3AF-B2C167992867}.Release|Any CPU.ActiveCfg = Release|iPhone
		{0EA89FA0-555F-4E0D-A3AF-B2C167992867}.Release|iPhone.ActiveCfg = Release|iPhone
		{0EA89FA0-555F-4E0D-A3AF-B2C167992867}.Release|iPhone.Build.0 = Release|iPhone
		{0EA89FA0-555F-4E0D-A3AF-B2C167992867}.Release|iPhoneSimulator.ActiveCfg = Release|iPhoneSimulator
		{0EA89FA0-555F-4E0D-A3AF-B2C167992867}.Release|iPhoneSimulator.Build.0 = Release|iPhoneSimulator
	EndGlobalSection
	GlobalSection(SolutionProperties) = preSolution
		HideSolutionNode = FALSE
	EndGlobalSection
	GlobalSection(ExtensibilityGlobals) = postSolution
		SolutionGuid = {39DF8E30-8EC4-4F63-B341-CE404ACB83E4}
	EndGlobalSection
EndGlobal
